# THIS IS AN AUTOGENERATED FILE. DO NOT EDIT THIS FILE DIRECTLY.
# yarn lockfile v1


"@babel/runtime@^7.12.1", "@babel/runtime@^7.9.2":
  version "7.21.5"
  resolved "https://registry.yarnpkg.com/@babel/runtime/-/runtime-7.21.5.tgz#8492dddda9644ae3bda3b45eabe87382caee7200"
  integrity sha512-8jI69toZqqcsnqGGqwGS4Qb1VwLOEp4hz+CXPywcvjs60u3B4Pom/U/7rm4W8tMOYEB+E9wgD0mW1l3r8qlI9Q==
  dependencies:
    regenerator-runtime "^0.13.11"

"@next/env@13.4.3":
  version "13.4.3"
  resolved "https://registry.yarnpkg.com/@next/env/-/env-13.4.3.tgz#cb00bdd43a0619a79a52c9336df8a0aa84f8f4bf"
  integrity sha512-pa1ErjyFensznttAk3EIv77vFbfSYT6cLzVRK5jx4uiRuCQo+m2wCFAREaHKIy63dlgvOyMlzh6R8Inu8H3KrQ==

"@next/swc-darwin-arm64@13.4.3":
  version "13.4.3"
  resolved "https://registry.yarnpkg.com/@next/swc-darwin-arm64/-/swc-darwin-arm64-13.4.3.tgz#2d6c99dd5afbcce37e4ba0f64196317a1259034d"
  integrity sha512-yx18udH/ZmR4Bw4M6lIIPE3JxsAZwo04iaucEfA2GMt1unXr2iodHUX/LAKNyi6xoLP2ghi0E+Xi1f4Qb8f1LQ==

"@next/swc-darwin-x64@13.4.3":
  version "13.4.3"
  resolved "https://registry.yarnpkg.com/@next/swc-darwin-x64/-/swc-darwin-x64-13.4.3.tgz#162b15fb8a54d9f64e69c898ebeb55b7dac9bddd"
  integrity sha512-Mi8xJWh2IOjryAM1mx18vwmal9eokJ2njY4nDh04scy37F0LEGJ/diL6JL6kTXi0UfUCGbMsOItf7vpReNiD2A==

"@next/swc-linux-arm64-gnu@13.4.3":
  version "13.4.3"
  resolved "https://registry.yarnpkg.com/@next/swc-linux-arm64-gnu/-/swc-linux-arm64-gnu-13.4.3.tgz#aee57422f11183d6a2e4a2e8aa23b9285873e18f"
  integrity sha512-aBvtry4bxJ1xwKZ/LVPeBGBwWVwxa4bTnNkRRw6YffJnn/f4Tv4EGDPaVeYHZGQVA56wsGbtA6nZMuWs/EIk4Q==

"@next/swc-linux-arm64-musl@13.4.3":
  version "13.4.3"
  resolved "https://registry.yarnpkg.com/@next/swc-linux-arm64-musl/-/swc-linux-arm64-musl-13.4.3.tgz#c10b6aaaa47b341c6c9ea15f8b0ddb37e255d035"
  integrity sha512-krT+2G3kEsEUvZoYte3/2IscscDraYPc2B+fDJFipPktJmrv088Pei/RjrhWm5TMIy5URYjZUoDZdh5k940Dyw==

"@next/swc-linux-x64-gnu@13.4.3":
  version "13.4.3"
  resolved "https://registry.yarnpkg.com/@next/swc-linux-x64-gnu/-/swc-linux-x64-gnu-13.4.3.tgz#3f85bc5591c6a0d4908404f7e88e3c04f4462039"
  integrity sha512-AMdFX6EKJjC0G/CM6hJvkY8wUjCcbdj3Qg7uAQJ7PVejRWaVt0sDTMavbRfgMchx8h8KsAudUCtdFkG9hlEClw==

"@next/swc-linux-x64-musl@13.4.3":
  version "13.4.3"
  resolved "https://registry.yarnpkg.com/@next/swc-linux-x64-musl/-/swc-linux-x64-musl-13.4.3.tgz#f4535adc2374a86bc8e43af149b551567df065de"
  integrity sha512-jySgSXE48shaLtcQbiFO9ajE9mqz7pcAVLnVLvRIlUHyQYR/WyZdK8ehLs65Mz6j9cLrJM+YdmdJPyV4WDaz2g==

"@next/swc-win32-arm64-msvc@13.4.3":
  version "13.4.3"
  resolved "https://registry.yarnpkg.com/@next/swc-win32-arm64-msvc/-/swc-win32-arm64-msvc-13.4.3.tgz#e76106d85391c308c5ed70cda2bca2c582d65536"
  integrity sha512-5DxHo8uYcaADiE9pHrg8o28VMt/1kR8voDehmfs9AqS0qSClxAAl+CchjdboUvbCjdNWL1MISCvEfKY2InJ3JA==

"@next/swc-win32-ia32-msvc@13.4.3":
  version "13.4.3"
  resolved "https://registry.yarnpkg.com/@next/swc-win32-ia32-msvc/-/swc-win32-ia32-msvc-13.4.3.tgz#8eb5d9dd71ed7a971671291605ad64ad522fb3bc"
  integrity sha512-LaqkF3d+GXRA5X6zrUjQUrXm2MN/3E2arXBtn5C7avBCNYfm9G3Xc646AmmmpN3DJZVaMYliMyCIQCMDEzk80w==

"@next/swc-win32-x64-msvc@13.4.3":
  version "13.4.3"
  resolved "https://registry.yarnpkg.com/@next/swc-win32-x64-msvc/-/swc-win32-x64-msvc-13.4.3.tgz#c7b2b1b9e158fd7749f8209e68ee8e43a997eb4c"
  integrity sha512-jglUk/x7ZWeOJWlVoKyIAkHLTI+qEkOriOOV+3hr1GyiywzcqfI7TpFSiwC7kk1scOiH7NTFKp8mA3XPNO9bDw==

"@reduxjs/toolkit@^1.9.5":
  version "1.9.5"
  resolved "https://registry.yarnpkg.com/@reduxjs/toolkit/-/toolkit-1.9.5.tgz#d3987849c24189ca483baa7aa59386c8e52077c4"
  integrity sha512-Rt97jHmfTeaxL4swLRNPD/zV4OxTes4la07Xc4hetpUW/vc75t5m1ANyxG6ymnEQ2FsLQsoMlYB2vV1sO3m8tQ==
  dependencies:
    immer "^9.0.21"
    redux "^4.2.1"
    redux-thunk "^2.4.2"
    reselect "^4.1.8"

"@swc/helpers@0.5.1":
  version "0.5.1"
  resolved "https://registry.yarnpkg.com/@swc/helpers/-/helpers-0.5.1.tgz#e9031491aa3f26bfcc974a67f48bd456c8a5357a"
  integrity sha512-sJ902EfIzn1Fa+qYmjdQqh8tPsoxyBz+8yBKC2HKUxyezKJFwPGOn7pv4WY6QuQW//ySQi5lJjA/ZT9sNWWNTg==
  dependencies:
    tslib "^2.4.0"

"@types/hoist-non-react-statics@^3.3.1":
  version "3.3.1"
  resolved "https://registry.yarnpkg.com/@types/hoist-non-react-statics/-/hoist-non-react-statics-3.3.1.tgz#1124aafe5118cb591977aeb1ceaaed1070eb039f"
  integrity sha512-iMIqiko6ooLrTh1joXodJK5X9xeEALT1kM5G3ZLhD3hszxBdIEd5C75U834D9mLcINgD4OyZf5uQXjkuYydWvA==
  dependencies:
    "@types/react" "*"
    hoist-non-react-statics "^3.3.0"

"@types/node@*":
  version "20.2.3"
  resolved "https://registry.yarnpkg.com/@types/node/-/node-20.2.3.tgz#b31eb300610c3835ac008d690de6f87e28f9b878"
  integrity sha512-pg9d0yC4rVNWQzX8U7xb4olIOFuuVL9za3bzMT2pu2SU0SNEi66i2qrvhE2qt0HvkhuCaWJu7pLNOt/Pj8BIrw==

"@types/prop-types@*":
  version "15.7.5"
  resolved "https://registry.yarnpkg.com/@types/prop-types/-/prop-types-15.7.5.tgz#5f19d2b85a98e9558036f6a3cacc8819420f05cf"
  integrity sha512-JCB8C6SnDoQf0cNycqd/35A7MjcnK+ZTqE7judS6o7utxUCg6imJg3QK2qzHKszlTjcj2cn+NwMB2i96ubpj7w==

"@types/react@*":
  version "18.2.6"
  resolved "https://registry.yarnpkg.com/@types/react/-/react-18.2.6.tgz#5cd53ee0d30ffc193b159d3516c8c8ad2f19d571"
  integrity sha512-wRZClXn//zxCFW+ye/D2qY65UsYP1Fpex2YXorHc8awoNamkMZSvBxwxdYVInsHOZZd2Ppq8isnSzJL5Mpf8OA==
  dependencies:
    "@types/prop-types" "*"
    "@types/scheduler" "*"
    csstype "^3.0.2"

"@types/scheduler@*":
  version "0.16.3"
  resolved "https://registry.yarnpkg.com/@types/scheduler/-/scheduler-0.16.3.tgz#cef09e3ec9af1d63d2a6cc5b383a737e24e6dcf5"
  integrity sha512-5cJ8CB4yAx7BH1oMvdU0Jh9lrEXyPkar6F9G/ERswkCuvP4KQZfZkSjcMbAICCpQTN4OuZn8tz0HiKv9TGZgrQ==

"@types/use-sync-external-store@^0.0.3":
  version "0.0.3"
  resolved "https://registry.yarnpkg.com/@types/use-sync-external-store/-/use-sync-external-store-0.0.3.tgz#b6725d5f4af24ace33b36fafd295136e75509f43"
  integrity sha512-EwmlvuaxPNej9+T4v5AuBPJa2x2UOJVdjCtDHgcDqitUeOtjnJKJ+apYjVcAoBEMjKW1VVFGZLUb5+qqa09XFA==

"@types/webidl-conversions@*":
  version "7.0.0"
  resolved "https://registry.yarnpkg.com/@types/webidl-conversions/-/webidl-conversions-7.0.0.tgz#2b8e60e33906459219aa587e9d1a612ae994cfe7"
  integrity sha512-xTE1E+YF4aWPJJeUzaZI5DRntlkY3+BCVJi0axFptnjGmAoWxkyREIh/XMrfxVLejwQxMCfDXdICo0VLxThrog==

"@types/whatwg-url@^8.2.1":
  version "8.2.2"
  resolved "https://registry.yarnpkg.com/@types/whatwg-url/-/whatwg-url-8.2.2.tgz#749d5b3873e845897ada99be4448041d4cc39e63"
  integrity sha512-FtQu10RWgn3D9U4aazdwIE2yzphmTJREDqNdODHrbrZmmMqI0vMheC/6NE/J1Yveaj8H+ela+YwWTjq5PGmuhA==
  dependencies:
    "@types/node" "*"
    "@types/webidl-conversions" "*"

anymatch@~3.1.2:
  version "3.1.3"
  resolved "https://registry.yarnpkg.com/anymatch/-/anymatch-3.1.3.tgz#790c58b19ba1720a84205b57c618d5ad8524973e"
  integrity sha512-KMReFUr0B4t+D+OBkjR3KYqvocp2XaSzO55UcB6mgQMd3KbcE+mWTyvVV7D/zsdEbNnV6acZUutkiHQXvTr1Rw==
  dependencies:
    normalize-path "^3.0.0"
    picomatch "^2.0.4"

binary-extensions@^2.0.0:
  version "2.2.0"
  resolved "https://registry.yarnpkg.com/binary-extensions/-/binary-extensions-2.2.0.tgz#75f502eeaf9ffde42fc98829645be4ea76bd9e2d"
  integrity sha512-jDctJ/IVQbZoJykoeHbhXpOlNBqGNcwXJKJog42E5HDPUwQTSdjCHdihjj0DlnheQ7blbT6dHOafNAiS8ooQKA==

braces@~3.0.2:
  version "3.0.2"
  resolved "https://registry.yarnpkg.com/braces/-/braces-3.0.2.tgz#3454e1a462ee8d599e236df336cd9ea4f8afe107"
  integrity sha512-b8um+L1RzM3WDSzvhm6gIz1yfTbBt6YTlcEKAvsmqCZZFw46z626lVj9j1yEPW33H5H+lBQpZMP1k8l+78Ha0A==
  dependencies:
    fill-range "^7.0.1"

bson@^5.3.0:
  version "5.3.0"
  resolved "https://registry.yarnpkg.com/bson/-/bson-5.3.0.tgz#37b006df4cd91ed125cb686467c1dd6d4606b514"
  integrity sha512-ukmCZMneMlaC5ebPHXIkP8YJzNl5DC41N5MAIvKDqLggdao342t4McltoJBQfQya/nHBWAcSsYRqlXPoQkTJag==

busboy@1.6.0:
  version "1.6.0"
  resolved "https://registry.yarnpkg.com/busboy/-/busboy-1.6.0.tgz#966ea36a9502e43cdb9146962523b92f531f6893"
  integrity sha512-8SFQbg/0hQ9xy3UNTB0YEnsNBbWfhf7RtnzpL7TkBiTBRfrQ9Fxcnz7VJsleJpyp6rVLvXiuORqjlHi5q+PYuA==
  dependencies:
    streamsearch "^1.1.0"

caniuse-lite@^1.0.30001406:
  version "1.0.30001489"
  resolved "https://registry.yarnpkg.com/caniuse-lite/-/caniuse-lite-1.0.30001489.tgz#ca82ee2d4e4dbf2bd2589c9360d3fcc2c7ba3bd8"
  integrity sha512-x1mgZEXK8jHIfAxm+xgdpHpk50IN3z3q3zP261/WS+uvePxW8izXuCu6AHz0lkuYTlATDehiZ/tNyYBdSQsOUQ==

"chokidar@>=3.0.0 <4.0.0":
  version "3.5.3"
  resolved "https://registry.yarnpkg.com/chokidar/-/chokidar-3.5.3.tgz#1cf37c8707b932bd1af1ae22c0432e2acd1903bd"
  integrity sha512-Dr3sfKRP6oTcjf2JmUmFJfeVMvXBdegxB0iVQ5eb2V10uFJUCAS8OByZdVAyVb8xXNz3GjjTgj9kLWsZTqE6kw==
  dependencies:
    anymatch "~3.1.2"
    braces "~3.0.2"
    glob-parent "~5.1.2"
    is-binary-path "~2.1.0"
    is-glob "~4.0.1"
    normalize-path "~3.0.0"
    readdirp "~3.6.0"
  optionalDependencies:
    fsevents "~2.3.2"

client-only@0.0.1:
  version "0.0.1"
  resolved "https://registry.yarnpkg.com/client-only/-/client-only-0.0.1.tgz#38bba5d403c41ab150bff64a95c85013cf73bca1"
  integrity sha512-IV3Ou0jSMzZrd3pZ48nLkT9DA7Ag1pnPzaiQhpW7c3RbcqqzvzzVu+L8gfqMp/8IM2MQtSiqaCxrrcfu8I8rMA==

csstype@^3.0.2:
  version "3.1.2"
  resolved "https://registry.yarnpkg.com/csstype/-/csstype-3.1.2.tgz#1d4bf9d572f11c14031f0436e1c10bc1f571f50b"
  integrity sha512-I7K1Uu0MBPzaFKg4nI5Q7Vs2t+3gWWW648spaF+Rg7pI9ds18Ugn+lvg4SHczUdKlHI5LWBXyqfS8+DufyBsgQ==

debug@4.x:
  version "4.3.4"
  resolved "https://registry.yarnpkg.com/debug/-/debug-4.3.4.tgz#1319f6579357f2338d3337d2cdd4914bb5dcc865"
  integrity sha512-PRWFHuSU3eDtQJPvnNY7Jcket1j0t5OuOsFzPPzsekD52Zl8qUfFIPEiswXqIvHWGVHOgX+7G/vCNNhehwxfkQ==
  dependencies:
    ms "2.1.2"

fill-range@^7.0.1:
  version "7.0.1"
  resolved "https://registry.yarnpkg.com/fill-range/-/fill-range-7.0.1.tgz#1919a6a7c75fe38b2c7c77e5198535da9acdda40"
  integrity sha512-qOo9F+dMUmC2Lcb4BbVvnKJxTPjCm+RRpe4gDuGrzkL7mEVl/djYSu2OdQ2Pa302N4oqkSg9ir6jaLWJ2USVpQ==
  dependencies:
    to-regex-range "^5.0.1"

fsevents@~2.3.2:
  version "2.3.2"
  resolved "https://registry.yarnpkg.com/fsevents/-/fsevents-2.3.2.tgz#8a526f78b8fdf4623b709e0b975c52c24c02fd1a"
  integrity sha512-xiqMQR4xAeHTuB9uWm+fFRcIOgKBMiOBP+eXiyT7jsgVCq1bkVygt00oASowB7EdtpOHaaPgKt812P9ab+DDKA==

glob-parent@~5.1.2:
  version "5.1.2"
  resolved "https://registry.yarnpkg.com/glob-parent/-/glob-parent-5.1.2.tgz#869832c58034fe68a4093c17dc15e8340d8401c4"
  integrity sha512-AOIgSQCepiJYwP3ARnGx+5VnTu2HBYdzbGP45eLw1vr3zB3vZLeyed1sC9hnbcOc9/SrMyM5RPQrkGz4aS9Zow==
  dependencies:
    is-glob "^4.0.1"

hoist-non-react-statics@^3.3.0, hoist-non-react-statics@^3.3.2:
  version "3.3.2"
  resolved "https://registry.yarnpkg.com/hoist-non-react-statics/-/hoist-non-react-statics-3.3.2.tgz#ece0acaf71d62c2969c2ec59feff42a4b1a85b45"
  integrity sha512-/gGivxi8JPKWNm/W0jSmzcMPpfpPLc3dY/6GxhX2hQ9iGj3aDfklV4ET7NjKpSinLpJ5vafa9iiGIEZg10SfBw==
  dependencies:
    react-is "^16.7.0"

immer@^9.0.21:
  version "9.0.21"
  resolved "https://registry.yarnpkg.com/immer/-/immer-9.0.21.tgz#1e025ea31a40f24fb064f1fef23e931496330176"
  integrity sha512-bc4NBHqOqSfRW7POMkHd51LvClaeMXpm8dx0e8oE2GORbq5aRK7Bxl4FyzVLdGtLmvLKL7BTDBG5ACQm4HWjTA==

immutable@^4.0.0:
  version "4.3.0"
  resolved "https://registry.yarnpkg.com/immutable/-/immutable-4.3.0.tgz#eb1738f14ffb39fd068b1dbe1296117484dd34be"
  integrity sha512-0AOCmOip+xgJwEVTQj1EfiDDOkPmuyllDuTuEX+DDXUgapLAsBIfkg3sxCYyCEA8mQqZrrxPUGjcOQ2JS3WLkg==

ip@^2.0.0:
  version "2.0.0"
  resolved "https://registry.yarnpkg.com/ip/-/ip-2.0.0.tgz#4cf4ab182fee2314c75ede1276f8c80b479936da"
  integrity sha512-WKa+XuLG1A1R0UWhl2+1XQSi+fZWMsYKffMZTTYsiZaUD8k2yDAj5atimTUD2TZkyCkNEeYE5NhFZmupOGtjYQ==

is-binary-path@~2.1.0:
  version "2.1.0"
  resolved "https://registry.yarnpkg.com/is-binary-path/-/is-binary-path-2.1.0.tgz#ea1f7f3b80f064236e83470f86c09c254fb45b09"
  integrity sha512-ZMERYes6pDydyuGidse7OsHxtbI7WVeUEozgR/g7rd0xUimYNlvZRE/K2MgZTjWy725IfelLeVcEM97mmtRGXw==
  dependencies:
    binary-extensions "^2.0.0"

is-extglob@^2.1.1:
  version "2.1.1"
  resolved "https://registry.yarnpkg.com/is-extglob/-/is-extglob-2.1.1.tgz#a88c02535791f02ed37c76a1b9ea9773c833f8c2"
  integrity sha512-SbKbANkN603Vi4jEZv49LeVJMn4yGwsbzZworEoyEiutsN3nJYdbO36zfhGJ6QEDpOZIFkDtnq5JRxmvl3jsoQ==

is-glob@^4.0.1, is-glob@~4.0.1:
  version "4.0.3"
  resolved "https://registry.yarnpkg.com/is-glob/-/is-glob-4.0.3.tgz#64f61e42cbbb2eec2071a9dac0b28ba1e65d5084"
  integrity sha512-xelSayHH36ZgE7ZWhli7pW34hNbNl8Ojv5KVmkJD4hBdD3th8Tfk9vYasLM+mXWOZhFkgZfxhLSnrwRr4elSSg==
  dependencies:
    is-extglob "^2.1.1"

is-number@^7.0.0:
  version "7.0.0"
  resolved "https://registry.yarnpkg.com/is-number/-/is-number-7.0.0.tgz#7535345b896734d5f80c4d06c50955527a14f12b"
  integrity sha512-41Cifkg6e8TylSpdtTpeLVMqvSBEVzTttHvERD741+pnZ8ANv0004MRL43QKPDlK9cGvNp6NZWZUBlbGXYxxng==

"js-tokens@^3.0.0 || ^4.0.0":
  version "4.0.0"
  resolved "https://registry.yarnpkg.com/js-tokens/-/js-tokens-4.0.0.tgz#19203fb59991df98e3a287050d4647cdeaf32499"
  integrity sha512-RdJUflcE3cUzKiMqQgsCu06FPu9UdIJO0beYbPhHN4k6apgJtifcoCtT9bcxOpYBtpD2kCM6Sbzg4CausW/PKQ==

kareem@2.5.1:
  version "2.5.1"
  resolved "https://registry.yarnpkg.com/kareem/-/kareem-2.5.1.tgz#7b8203e11819a8e77a34b3517d3ead206764d15d"
  integrity sha512-7jFxRVm+jD+rkq3kY0iZDJfsO2/t4BBPeEb2qKn2lR/9KhuksYk5hxzfRYWMPV8P/x2d0kHD306YyWLzjjH+uA==

loose-envify@^1.1.0:
  version "1.4.0"
  resolved "https://registry.yarnpkg.com/loose-envify/-/loose-envify-1.4.0.tgz#71ee51fa7be4caec1a63839f7e682d8132d30caf"
  integrity sha512-lyuxPGr/Wfhrlem2CL/UcnUc1zcqKAImBDzukY7Y5F/yQiNdko6+fRLevlw1HgMySw7f611UIY408EtxRSoK3Q==
  dependencies:
    js-tokens "^3.0.0 || ^4.0.0"

memory-pager@^1.0.2:
  version "1.5.0"
  resolved "https://registry.yarnpkg.com/memory-pager/-/memory-pager-1.5.0.tgz#d8751655d22d384682741c972f2c3d6dfa3e66b5"
  integrity sha512-ZS4Bp4r/Zoeq6+NLJpP+0Zzm0pR8whtGPf1XExKLJBAczGMnSi3It14OiNCStjQjM6NU1okjQGSxgEZN8eBYKg==

mongodb-connection-string-url@^2.6.0:
  version "2.6.0"
  resolved "https://registry.yarnpkg.com/mongodb-connection-string-url/-/mongodb-connection-string-url-2.6.0.tgz#57901bf352372abdde812c81be47b75c6b2ec5cf"
  integrity sha512-WvTZlI9ab0QYtTYnuMLgobULWhokRjtC7db9LtcVfJ+Hsnyr5eo6ZtNAt3Ly24XZScGMelOcGtm7lSn0332tPQ==
  dependencies:
    "@types/whatwg-url" "^8.2.1"
    whatwg-url "^11.0.0"

mongodb@5.5.0, mongodb@^5.5.0:
  version "5.5.0"
  resolved "https://registry.yarnpkg.com/mongodb/-/mongodb-5.5.0.tgz#5d213ef68f6b48610909d98d537059f2d7f374a1"
  integrity sha512-XgrkUgAAdfnZKQfk5AsYL8j7O99WHd4YXPxYxnh8dZxD+ekYWFRA3JktUsBnfg+455Smf75/+asoU/YLwNGoQQ==
  dependencies:
    bson "^5.3.0"
    mongodb-connection-string-url "^2.6.0"
    socks "^2.7.1"
  optionalDependencies:
    saslprep "^1.0.3"

mongoose@^7.2.0:
  version "7.2.0"
  resolved "https://registry.yarnpkg.com/mongoose/-/mongoose-7.2.0.tgz#87913b226c29fd8af92fa0354914d7b629c73743"
  integrity sha512-sNNsPinfwBiqEZx24kBWZamebORFJ89wr0szw8SFzdy8OZLMxSDKwGUpfa8cLPsCV57z/beGUnaa0ZUGktNmcQ==
  dependencies:
    bson "^5.3.0"
    kareem "2.5.1"
    mongodb "5.5.0"
    mpath "0.9.0"
    mquery "5.0.0"
    ms "2.1.3"
    sift "16.0.1"

mpath@0.9.0:
  version "0.9.0"
  resolved "https://registry.yarnpkg.com/mpath/-/mpath-0.9.0.tgz#0c122fe107846e31fc58c75b09c35514b3871904"
  integrity sha512-ikJRQTk8hw5DEoFVxHG1Gn9T/xcjtdnOKIU1JTmGjZZlg9LST2mBLmcX3/ICIbgJydT2GOc15RnNy5mHmzfSew==

mquery@5.0.0:
  version "5.0.0"
  resolved "https://registry.yarnpkg.com/mquery/-/mquery-5.0.0.tgz#a95be5dfc610b23862df34a47d3e5d60e110695d"
  integrity sha512-iQMncpmEK8R8ncT8HJGsGc9Dsp8xcgYMVSbs5jgnm1lFHTZqMJTUWTDx1LBO8+mK3tPNZWFLBghQEIOULSTHZg==
  dependencies:
    debug "4.x"

ms@2.1.2:
  version "2.1.2"
  resolved "https://registry.yarnpkg.com/ms/-/ms-2.1.2.tgz#d09d1f357b443f493382a8eb3ccd183872ae6009"
  integrity sha512-sGkPx+VjMtmA6MX27oA4FBFELFCZZ4S4XqeGOXCv68tT+jb3vk/RyaKWP0PTKyWtmLSM0b+adUTEvbs1PEaH2w==

ms@2.1.3:
  version "2.1.3"
  resolved "https://registry.yarnpkg.com/ms/-/ms-2.1.3.tgz#574c8138ce1d2b5861f0b44579dbadd60c6615b2"
  integrity sha512-6FlzubTLZG3J2a/NVCAleEhjzq5oxgHyaCU9yYXvcLsvoVaHJq/s5xXI6/XXP6tz7R9xAOtHnSO/tXtF3WRTlA==

nanoid@^3.3.4:
  version "3.3.6"
  resolved "https://registry.yarnpkg.com/nanoid/-/nanoid-3.3.6.tgz#443380c856d6e9f9824267d960b4236ad583ea4c"
  integrity sha512-BGcqMMJuToF7i1rt+2PWSNVnWIkGCU78jBG3RxO/bZlnZPK2Cmi2QaffxGO/2RvWi9sL+FAiRiXMgsyxQ1DIDA==

next-redux-wrapper@^8.1.0:
  version "8.1.0"
  resolved "https://registry.yarnpkg.com/next-redux-wrapper/-/next-redux-wrapper-8.1.0.tgz#d9c135f1ceeb2478375bdacd356eb9db273d3a07"
  integrity sha512-2hIau0hcI6uQszOtrvAFqgc0NkZegKYhBB7ZAKiG3jk7zfuQb4E7OV9jfxViqqojh3SEHdnFfPkN9KErttUKuw==

next@13.4.3:
  version "13.4.3"
  resolved "https://registry.yarnpkg.com/next/-/next-13.4.3.tgz#7f417dec9fa2731d8c1d1819a1c7d0919ad6fc75"
  integrity sha512-FV3pBrAAnAIfOclTvncw9dDohyeuEEXPe5KNcva91anT/rdycWbgtu3IjUj4n5yHnWK8YEPo0vrUecHmnmUNbA==
  dependencies:
    "@next/env" "13.4.3"
    "@swc/helpers" "0.5.1"
    busboy "1.6.0"
    caniuse-lite "^1.0.30001406"
    postcss "8.4.14"
    styled-jsx "5.1.1"
    zod "3.21.4"
  optionalDependencies:
    "@next/swc-darwin-arm64" "13.4.3"
    "@next/swc-darwin-x64" "13.4.3"
    "@next/swc-linux-arm64-gnu" "13.4.3"
    "@next/swc-linux-arm64-musl" "13.4.3"
    "@next/swc-linux-x64-gnu" "13.4.3"
    "@next/swc-linux-x64-musl" "13.4.3"
    "@next/swc-win32-arm64-msvc" "13.4.3"
    "@next/swc-win32-ia32-msvc" "13.4.3"
    "@next/swc-win32-x64-msvc" "13.4.3"

normalize-path@^3.0.0, normalize-path@~3.0.0:
  version "3.0.0"
  resolved "https://registry.yarnpkg.com/normalize-path/-/normalize-path-3.0.0.tgz#0dcd69ff23a1c9b11fd0978316644a0388216a65"
  integrity sha512-6eZs5Ls3WtCisHWp9S2GUy8dqkpGi4BVSz3GaqiE6ezub0512ESztXUwUB6C6IKbQkY2Pnb/mD4WYojCRwcwLA==

picocolors@^1.0.0:
  version "1.0.0"
  resolved "https://registry.yarnpkg.com/picocolors/-/picocolors-1.0.0.tgz#cb5bdc74ff3f51892236eaf79d68bc44564ab81c"
  integrity sha512-1fygroTLlHu66zi26VoTDv8yRgm0Fccecssto+MhsZ0D/DGW2sm8E8AjW7NU5VVTRt5GxbeZ5qBuJr+HyLYkjQ==

picomatch@^2.0.4, picomatch@^2.2.1:
  version "2.3.1"
  resolved "https://registry.yarnpkg.com/picomatch/-/picomatch-2.3.1.tgz#3ba3833733646d9d3e4995946c1365a67fb07a42"
  integrity sha512-JU3teHTNjmE2VCGFzuY8EXzCDVwEqB2a8fsIvwaStHhAWJEeVd1o1QD80CU6+ZdEXXSLbSsuLwJjkCBWqRQUVA==

postcss@8.4.14:
  version "8.4.14"
  resolved "https://registry.yarnpkg.com/postcss/-/postcss-8.4.14.tgz#ee9274d5622b4858c1007a74d76e42e56fd21caf"
  integrity sha512-E398TUmfAYFPBSdzgeieK2Y1+1cpdxJx8yXbK/m57nRhKSmk1GB2tO4lbLBtlkfPQTDKfe4Xqv1ASWPpayPEig==
  dependencies:
    nanoid "^3.3.4"
    picocolors "^1.0.0"
    source-map-js "^1.0.2"

punycode@^2.1.1:
  version "2.3.0"
  resolved "https://registry.yarnpkg.com/punycode/-/punycode-2.3.0.tgz#f67fa67c94da8f4d0cfff981aee4118064199b8f"
  integrity sha512-rRV+zQD8tVFys26lAGR9WUuS4iUAngJScM+ZRSKtvl5tKeZ2t5bvdNFdNHBW9FWR4guGHlgmsZ1G7BSm2wTbuA==

react-dom@18.2.0:
  version "18.2.0"
  resolved "https://registry.yarnpkg.com/react-dom/-/react-dom-18.2.0.tgz#22aaf38708db2674ed9ada224ca4aa708d821e3d"
  integrity sha512-6IMTriUmvsjHUjNtEDudZfuDQUoWXVxKHhlEGSk81n4YFS+r/Kl99wXiwlVXtPBtJenozv2P+hxDsw9eA7Xo6g==
  dependencies:
    loose-envify "^1.1.0"
    scheduler "^0.23.0"

react-is@^16.7.0:
  version "16.13.1"
  resolved "https://registry.yarnpkg.com/react-is/-/react-is-16.13.1.tgz#789729a4dc36de2999dc156dd6c1d9c18cea56a4"
  integrity sha512-24e6ynE2H+OKt4kqsOvNd8kBpV65zoxbA4BVsEOB3ARVWQki/DHzaUoC5KuON/BiccDaCCTZBuOcfZs70kR8bQ==

react-is@^18.0.0:
  version "18.2.0"
  resolved "https://registry.yarnpkg.com/react-is/-/react-is-18.2.0.tgz#199431eeaaa2e09f86427efbb4f1473edb47609b"
  integrity sha512-xWGDIW6x921xtzPkhiULtthJHoJvBbF3q26fzloPCK0hsvxtPVelvftw3zjbHWSkR2km9Z+4uxbDDK/6Zw9B8w==

react-redux@^8.0.5:
  version "8.0.5"
  resolved "https://registry.yarnpkg.com/react-redux/-/react-redux-8.0.5.tgz#e5fb8331993a019b8aaf2e167a93d10af469c7bd"
  integrity sha512-Q2f6fCKxPFpkXt1qNRZdEDLlScsDWyrgSj0mliK59qU6W5gvBiKkdMEG2lJzhd1rCctf0hb6EtePPLZ2e0m1uw==
  dependencies:
    "@babel/runtime" "^7.12.1"
    "@types/hoist-non-react-statics" "^3.3.1"
    "@types/use-sync-external-store" "^0.0.3"
    hoist-non-react-statics "^3.3.2"
    react-is "^18.0.0"
    use-sync-external-store "^1.0.0"

react@18.2.0:
  version "18.2.0"
  resolved "https://registry.yarnpkg.com/react/-/react-18.2.0.tgz#555bd98592883255fa00de14f1151a917b5d77d5"
  integrity sha512-/3IjMdb2L9QbBdWiW5e3P2/npwMBaU9mHCSCUzNln0ZCYbcfTsGbTJrU/kGemdH2IWmB2ioZ+zkxtmq6g09fGQ==
  dependencies:
    loose-envify "^1.1.0"

readdirp@~3.6.0:
  version "3.6.0"
  resolved "https://registry.yarnpkg.com/readdirp/-/readdirp-3.6.0.tgz#74a370bd857116e245b29cc97340cd431a02a6c7"
  integrity sha512-hOS089on8RduqdbhvQ5Z37A0ESjsqz6qnRcffsMU3495FuTdqSm+7bhJ29JvIOsBDEEnan5DPu9t3To9VRlMzA==
  dependencies:
    picomatch "^2.2.1"

redux-devtools-extension@^2.13.9:
  version "2.13.9"
  resolved "https://registry.yarnpkg.com/redux-devtools-extension/-/redux-devtools-extension-2.13.9.tgz#6b764e8028b507adcb75a1cae790f71e6be08ae7"
  integrity sha512-cNJ8Q/EtjhQaZ71c8I9+BPySIBVEKssbPpskBfsXqb8HJ002A3KRVHfeRzwRo6mGPqsm7XuHTqNSNeS1Khig0A==

redux-persist@^6.0.0:
  version "6.0.0"
  resolved "https://registry.yarnpkg.com/redux-persist/-/redux-persist-6.0.0.tgz#b4d2972f9859597c130d40d4b146fecdab51b3a8"
  integrity sha512-71LLMbUq2r02ng2We9S215LtPu3fY0KgaGE0k8WRgl6RkqxtGfl7HUozz1Dftwsb0D/5mZ8dwAaPbtnzfvbEwQ==

redux-thunk@^2.4.2:
  version "2.4.2"
  resolved "https://registry.yarnpkg.com/redux-thunk/-/redux-thunk-2.4.2.tgz#b9d05d11994b99f7a91ea223e8b04cf0afa5ef3b"
  integrity sha512-+P3TjtnP0k/FEjcBL5FZpoovtvrTNT/UXd4/sluaSyrURlSlhLSzEdfsTBW7WsKB6yPvgd7q/iZPICFjW4o57Q==

redux@^4.2.1:
  version "4.2.1"
  resolved "https://registry.yarnpkg.com/redux/-/redux-4.2.1.tgz#c08f4306826c49b5e9dc901dee0452ea8fce6197"
  integrity sha512-LAUYz4lc+Do8/g7aeRa8JkyDErK6ekstQaqWQrNRW//MY1TvCEpMtpTWvlQ+FPbWCx+Xixu/6SHt5N0HR+SB4w==
  dependencies:
    "@babel/runtime" "^7.9.2"

regenerator-runtime@^0.13.11:
  version "0.13.11"
  resolved "https://registry.yarnpkg.com/regenerator-runtime/-/regenerator-runtime-0.13.11.tgz#f6dca3e7ceec20590d07ada785636a90cdca17f9"
  integrity sha512-kY1AZVr2Ra+t+piVaJ4gxaFaReZVH40AKNo7UCX6W+dEwBo/2oZJzqfuN1qLq1oL45o56cPaTXELwrTh8Fpggg==

reselect@^4.1.8:
  version "4.1.8"
  resolved "https://registry.yarnpkg.com/reselect/-/reselect-4.1.8.tgz#3f5dc671ea168dccdeb3e141236f69f02eaec524"
  integrity sha512-ab9EmR80F/zQTMNeneUr4cv+jSwPJgIlvEmVwLerwrWVbpLlBuls9XHzIeTFy4cegU2NHBp3va0LKOzU5qFEYQ==

saslprep@^1.0.3:
  version "1.0.3"
  resolved "https://registry.yarnpkg.com/saslprep/-/saslprep-1.0.3.tgz#4c02f946b56cf54297e347ba1093e7acac4cf226"
  integrity sha512-/MY/PEMbk2SuY5sScONwhUDsV2p77Znkb/q3nSVstq/yQzYJOH/Azh29p9oJLsl3LnQwSvZDKagDGBsBwSooag==
  dependencies:
    sparse-bitfield "^3.0.3"

sass@^1.62.1:
  version "1.62.1"
  resolved "https://registry.yarnpkg.com/sass/-/sass-1.62.1.tgz#caa8d6bf098935bc92fc73fa169fb3790cacd029"
  integrity sha512-NHpxIzN29MXvWiuswfc1W3I0N8SXBd8UR26WntmDlRYf0bSADnwnOjsyMZ3lMezSlArD33Vs3YFhp7dWvL770A==
  dependencies:
    chokidar ">=3.0.0 <4.0.0"
    immutable "^4.0.0"
    source-map-js ">=0.6.2 <2.0.0"

scheduler@^0.23.0:
  version "0.23.0"
  resolved "https://registry.yarnpkg.com/scheduler/-/scheduler-0.23.0.tgz#ba8041afc3d30eb206a487b6b384002e4e61fdfe"
  integrity sha512-CtuThmgHNg7zIZWAXi3AsyIzA3n4xx7aNyjwC2VJldO2LMVDhFK+63xGqq6CsJH4rTAt6/M+N4GhZiDYPx9eUw==
  dependencies:
    loose-envify "^1.1.0"

sift@16.0.1:
  version "16.0.1"
  resolved "https://registry.yarnpkg.com/sift/-/sift-16.0.1.tgz#e9c2ccc72191585008cf3e36fc447b2d2633a053"
  integrity sha512-Wv6BjQ5zbhW7VFefWusVP33T/EM0vYikCaQ2qR8yULbsilAT8/wQaXvuQ3ptGLpoKx+lihJE3y2UTgKDyyNHZQ==

smart-buffer@^4.2.0:
  version "4.2.0"
  resolved "https://registry.yarnpkg.com/smart-buffer/-/smart-buffer-4.2.0.tgz#6e1d71fa4f18c05f7d0ff216dd16a481d0e8d9ae"
  integrity sha512-94hK0Hh8rPqQl2xXc3HsaBoOXKV20MToPkcXvwbISWLEs+64sBq5kFgn2kJDHb1Pry9yrP0dxrCI9RRci7RXKg==

socks@^2.7.1:
  version "2.7.1"
  resolved "https://registry.yarnpkg.com/socks/-/socks-2.7.1.tgz#d8e651247178fde79c0663043e07240196857d55"
  integrity sha512-7maUZy1N7uo6+WVEX6psASxtNlKaNVMlGQKkG/63nEDdLOWNbiUMoLK7X4uYoLhQstau72mLgfEWcXcwsaHbYQ==
  dependencies:
    ip "^2.0.0"
    smart-buffer "^4.2.0"

"source-map-js@>=0.6.2 <2.0.0", source-map-js@^1.0.2:
  version "1.0.2"
  resolved "https://registry.yarnpkg.com/source-map-js/-/source-map-js-1.0.2.tgz#adbc361d9c62df380125e7f161f71c826f1e490c"
  integrity sha512-R0XvVJ9WusLiqTCEiGCmICCMplcCkIwwR11mOSD9CR5u+IXYdiseeEuXCVAjS54zqwkLcPNnmU4OeJ6tUrWhDw==

sparse-bitfield@^3.0.3:
  version "3.0.3"
  resolved "https://registry.yarnpkg.com/sparse-bitfield/-/sparse-bitfield-3.0.3.tgz#ff4ae6e68656056ba4b3e792ab3334d38273ca11"
  integrity sha512-kvzhi7vqKTfkh0PZU+2D2PIllw2ymqJKujUcyPMd9Y75Nv4nPbGJZXNhxsgdQab2BmlDct1YnfQCguEvHr7VsQ==
  dependencies:
    memory-pager "^1.0.2"

streamsearch@^1.1.0:
  version "1.1.0"
  resolved "https://registry.yarnpkg.com/streamsearch/-/streamsearch-1.1.0.tgz#404dd1e2247ca94af554e841a8ef0eaa238da764"
  integrity sha512-Mcc5wHehp9aXz1ax6bZUyY5afg9u2rv5cqQI3mRrYkGC8rW2hM02jWuwjtL++LS5qinSyhj2QfLyNsuc+VsExg==

styled-jsx@5.1.1:
  version "5.1.1"
  resolved "https://registry.yarnpkg.com/styled-jsx/-/styled-jsx-5.1.1.tgz#839a1c3aaacc4e735fed0781b8619ea5d0009d1f"
  integrity sha512-pW7uC1l4mBZ8ugbiZrcIsiIvVx1UmTfw7UkC3Um2tmfUq9Bhk8IiyEIPl6F8agHgjzku6j0xQEZbfA5uSgSaCw==
  dependencies:
    client-only "0.0.1"

to-regex-range@^5.0.1:
  version "5.0.1"
  resolved "https://registry.yarnpkg.com/to-regex-range/-/to-regex-range-5.0.1.tgz#1648c44aae7c8d988a326018ed72f5b4dd0392e4"
  integrity sha512-65P7iz6X5yEr1cwcgvQxbbIw7Uk3gOy5dIdtZ4rDveLqhrdJP+Li/Hx6tyK0NEb+2GCyneCMJiGqrADCSNk8sQ==
  dependencies:
    is-number "^7.0.0"

tr46@^3.0.0:
  version "3.0.0"
  resolved "https://registry.yarnpkg.com/tr46/-/tr46-3.0.0.tgz#555c4e297a950617e8eeddef633c87d4d9d6cbf9"
  integrity sha512-l7FvfAHlcmulp8kr+flpQZmVwtu7nfRV7NZujtN0OqES8EL4O4e0qqzL0DC5gAvx/ZC/9lk6rhcUwYvkBnBnYA==
  dependencies:
    punycode "^2.1.1"

tslib@^2.4.0:
  version "2.5.2"
  resolved "https://registry.yarnpkg.com/tslib/-/tslib-2.5.2.tgz#1b6f07185c881557b0ffa84b111a0106989e8338"
  integrity sha512-5svOrSA2w3iGFDs1HibEVBGbDrAY82bFQ3HZ3ixB+88nsbsWQoKqDRb5UBYAUPEzbBn6dAp5gRNXglySbx1MlA==

use-sync-external-store@^1.0.0:
  version "1.2.0"
  resolved "https://registry.yarnpkg.com/use-sync-external-store/-/use-sync-external-store-1.2.0.tgz#7dbefd6ef3fe4e767a0cf5d7287aacfb5846928a"
  integrity sha512-eEgnFxGQ1Ife9bzYs6VLi8/4X6CObHMw9Qr9tPY43iKwsPw8xE8+EFsf/2cFZ5S3esXgpWgtSCtLNS41F+sKPA==

webidl-conversions@^7.0.0:
  version "7.0.0"
  resolved "https://registry.yarnpkg.com/webidl-conversions/-/webidl-conversions-7.0.0.tgz#256b4e1882be7debbf01d05f0aa2039778ea080a"
  integrity sha512-VwddBukDzu71offAQR975unBIGqfKZpM+8ZX6ySk8nYhVoo5CYaZyzt3YBvYtRtO+aoGlqxPg/B87NGVZ/fu6g==

whatwg-url@^11.0.0:
  version "11.0.0"
  resolved "https://registry.yarnpkg.com/whatwg-url/-/whatwg-url-11.0.0.tgz#0a849eebb5faf2119b901bb76fd795c2848d4018"
  integrity sha512-RKT8HExMpoYx4igMiVMY83lN6UeITKJlBQ+vR/8ZJ8OCdSiN3RwCq+9gH0+Xzj0+5IrM6i4j/6LuvzbZIQgEcQ==
  dependencies:
    tr46 "^3.0.0"
    webidl-conversions "^7.0.0"

zod@3.21.4:
  version "3.21.4"
  resolved "https://registry.yarnpkg.com/zod/-/zod-3.21.4.tgz#10882231d992519f0a10b5dd58a38c9dabbb64db"
  integrity sha512-m46AKbrzKVzOzs/DZgVnG5H55N1sv1M8qZU3A8RIKbs3mrACDNeIOeilDymVb2HdmP8uwshOCF4uJ8uM9rCqJw==
